
Microsoft Visual Studio Solution File, Format Version 12.00
# Visual Studio Version 17
VisualStudioVersion = 17.2.32616.157
MinimumVisualStudioVersion = 10.0.40219.1
Project("{9A19103F-16F7-4668-BE54-9A1E7A4F7556}") = "CoreDocker", "CoreDocker\CoreDocker.csproj", "{692A1ECC-D02C-4A7D-A7B3-634CA17822BF}"
EndProject
Project("{FAE04EC0-301F-11D3-BF4B-00C04F79EFBC}") = "ConsoleDocker", "ConsoleDocker\ConsoleDocker.csproj", "{26A97449-39C0-4053-894B-E40FCE055E33}"
EndProject
Project("{9A19103F-16F7-4668-BE54-9A1E7A4F7556}") = "ConsoleCoreDocker", "ConsoleCoreDocker\ConsoleCoreDocker.csproj", "{67BDD8FC-F1F2-49A8-8609-BEDDCC2C7173}"
EndProject
Project("{FAE04EC0-301F-11D3-BF4B-00C04F79EFBC}") = "DockerizeAspNetCoreMvc", "DockerizeAspNetCoreMvc\DockerizeAspNetCoreMvc.csproj", "{6776A834-7B7B-45E0-A163-6DC6DE2C9D45}"
EndProject
Global
	GlobalSection(SolutionConfigurationPlatforms) = preSolution
		Debug|Any CPU = Debug|Any CPU
		Release|Any CPU = Release|Any CPU
	EndGlobalSection
	GlobalSection(ProjectConfigurationPlatforms) = postSolution
		{692A1ECC-D02C-4A7D-A7B3-634CA17822BF}.Debug|Any CPU.ActiveCfg = Debug|Any CPU
		{692A1ECC-D02C-4A7D-A7B3-634CA17822BF}.Debug|Any CPU.Build.0 = Debug|Any CPU
		{692A1ECC-D02C-4A7D-A7B3-634CA17822BF}.Release|Any CPU.ActiveCfg = Release|Any CPU
		{692A1ECC-D02C-4A7D-A7B3-634CA17822BF}.Release|Any CPU.Build.0 = Release|Any CPU
		{26A97449-39C0-4053-894B-E40FCE055E33}.Debug|Any CPU.ActiveCfg = Debug|Any CPU
		{26A97449-39C0-4053-894B-E40FCE055E33}.Debug|Any CPU.Build.0 = Debug|Any CPU
		{26A97449-39C0-4053-894B-E40FCE055E33}.Release|Any CPU.ActiveCfg = Release|Any CPU
		{26A97449-39C0-4053-894B-E40FCE055E33}.Release|Any CPU.Build.0 = Release|Any CPU
		{67BDD8FC-F1F2-49A8-8609-BEDDCC2C7173}.Debug|Any CPU.ActiveCfg = Debug|Any CPU
		{67BDD8FC-F1F2-49A8-8609-BEDDCC2C7173}.Debug|Any CPU.Build.0 = Debug|Any CPU
		{67BDD8FC-F1F2-49A8-8609-BEDDCC2C7173}.Release|Any CPU.ActiveCfg = Release|Any CPU
		{67BDD8FC-F1F2-49A8-8609-BEDDCC2C7173}.Release|Any CPU.Build.0 = Release|Any CPU
		{6776A834-7B7B-45E0-A163-6DC6DE2C9D45}.Debug|Any CPU.ActiveCfg = Debug|Any CPU
		{6776A834-7B7B-45E0-A163-6DC6DE2C9D45}.Debug|Any CPU.Build.0 = Debug|Any CPU
		{6776A834-7B7B-45E0-A163-6DC6DE2C9D45}.Release|Any CPU.ActiveCfg = Release|Any CPU
		{6776A834-7B7B-45E0-A163-6DC6DE2C9D45}.Release|Any CPU.Build.0 = Release|Any CPU
	EndGlobalSection
	GlobalSection(SolutionProperties) = preSolution
		HideSolutionNode = FALSE
	EndGlobalSection
	GlobalSection(ExtensibilityGlobals) = postSolution
		SolutionGuid = {F119D081-6BF8-4525-AB1A-6D89B7199916}
	EndGlobalSection
EndGlobal
